
Microsoft Visual Studio Solution File, Format Version 12.00
# Visual Studio Version 16
VisualStudioVersion = 16.0.29609.76
MinimumVisualStudioVersion = 10.0.40219.1
Project("{FAE04EC0-301F-11D3-BF4B-00C04F79EFBC}") = "WebApplication1", "WebApplication1.csproj", "{DA4C2D86-398B-43BC-9193-9CFE82225073}"
EndProject
Global
	GlobalSection(SolutionConfigurationPlatforms) = preSolution
		Debug|Any CPU = Debug|Any CPU
		Release|Any CPU = Release|Any CPU
	EndGlobalSection
	GlobalSection(ProjectConfigurationPlatforms) = postSolution
		{DA4C2D86-398B-43BC-9193-9CFE82225073}.Debug|Any CPU.ActiveCfg = Debug|Any CPU
		{DA4C2D86-398B-43BC-9193-9CFE82225073}.Debug|Any CPU.Build.0 = Debug|Any CPU
		{DA4C2D86-398B-43BC-9193-9CFE82225073}.Release|Any CPU.ActiveCfg = Release|Any CPU
		{DA4C2D86-398B-43BC-9193-9CFE82225073}.Release|Any CPU.Build.0 = Release|Any CPU
	EndGlobalSection
	GlobalSection(SolutionProperties) = preSolution
		HideSolutionNode = FALSE
	EndGlobalSection
	GlobalSection(ExtensibilityGlobals) = postSolution
		SolutionGuid = {B019787D-D88C-4676-A5BB-560EF1030A10}
	EndGlobalSection
EndGlobal
